
Microsoft Visual Studio Solution File, Format Version 12.00
# Visual Studio Version 16
VisualStudioVersion = 16.0.30804.86
MinimumVisualStudioVersion = 10.0.40219.1
Project("{FAE04EC0-301F-11D3-BF4B-00C04F79EFBC}") = "Business", "Business\Business.csproj", "{07E7E3AE-7C84-4687-AA62-57E21BB10CFE}"
EndProject
Project("{FAE04EC0-301F-11D3-BF4B-00C04F79EFBC}") = "Core", "Core\Core.csproj", "{A078A776-9FAB-454D-B50C-3A9F9B01A0BB}"
EndProject
Project("{FAE04EC0-301F-11D3-BF4B-00C04F79EFBC}") = "DataAccess", "DataAccess\DataAccess.csproj", "{9957A6A3-899A-4023-ABD3-CE794CD219EA}"
EndProject
Project("{FAE04EC0-301F-11D3-BF4B-00C04F79EFBC}") = "Entities", "Entities\Entities.csproj", "{3CE795B9-D3DE-4ED3-949C-AF9817322D0A}"
EndProject
Project("{FAE04EC0-301F-11D3-BF4B-00C04F79EFBC}") = "WebUI", "WebUI\WebUI.csproj", "{E2B2C1F5-33E2-437C-B662-A66DD8EABE58}"
EndProject
Global
	GlobalSection(SolutionConfigurationPlatforms) = preSolution
		Debug|Any CPU = Debug|Any CPU
		Release|Any CPU = Release|Any CPU
	EndGlobalSection
	GlobalSection(ProjectConfigurationPlatforms) = postSolution
		{07E7E3AE-7C84-4687-AA62-57E21BB10CFE}.Debug|Any CPU.ActiveCfg = Debug|Any CPU
		{07E7E3AE-7C84-4687-AA62-57E21BB10CFE}.Debug|Any CPU.Build.0 = Debug|Any CPU
		{07E7E3AE-7C84-4687-AA62-57E21BB10CFE}.Release|Any CPU.ActiveCfg = Release|Any CPU
		{07E7E3AE-7C84-4687-AA62-57E21BB10CFE}.Release|Any CPU.Build.0 = Release|Any CPU
		{A078A776-9FAB-454D-B50C-3A9F9B01A0BB}.Debug|Any CPU.ActiveCfg = Debug|Any CPU
		{A078A776-9FAB-454D-B50C-3A9F9B01A0BB}.Debug|Any CPU.Build.0 = Debug|Any CPU
		{A078A776-9FAB-454D-B50C-3A9F9B01A0BB}.Release|Any CPU.ActiveCfg = Release|Any CPU
		{A078A776-9FAB-454D-B50C-3A9F9B01A0BB}.Release|Any CPU.Build.0 = Release|Any CPU
		{9957A6A3-899A-4023-ABD3-CE794CD219EA}.Debug|Any CPU.ActiveCfg = Debug|Any CPU
		{9957A6A3-899A-4023-ABD3-CE794CD219EA}.Debug|Any CPU.Build.0 = Debug|Any CPU
		{9957A6A3-899A-4023-ABD3-CE794CD219EA}.Release|Any CPU.ActiveCfg = Release|Any CPU
		{9957A6A3-899A-4023-ABD3-CE794CD219EA}.Release|Any CPU.Build.0 = Release|Any CPU
		{3CE795B9-D3DE-4ED3-949C-AF9817322D0A}.Debug|Any CPU.ActiveCfg = Debug|Any CPU
		{3CE795B9-D3DE-4ED3-949C-AF9817322D0A}.Debug|Any CPU.Build.0 = Debug|Any CPU
		{3CE795B9-D3DE-4ED3-949C-AF9817322D0A}.Release|Any CPU.ActiveCfg = Release|Any CPU
		{3CE795B9-D3DE-4ED3-949C-AF9817322D0A}.Release|Any CPU.Build.0 = Release|Any CPU
		{E2B2C1F5-33E2-437C-B662-A66DD8EABE58}.Debug|Any CPU.ActiveCfg = Debug|Any CPU
		{E2B2C1F5-33E2-437C-B662-A66DD8EABE58}.Debug|Any CPU.Build.0 = Debug|Any CPU
		{E2B2C1F5-33E2-437C-B662-A66DD8EABE58}.Release|Any CPU.ActiveCfg = Release|Any CPU
		{E2B2C1F5-33E2-437C-B662-A66DD8EABE58}.Release|Any CPU.Build.0 = Release|Any CPU
	EndGlobalSection
	GlobalSection(SolutionProperties) = preSolution
		HideSolutionNode = FALSE
	EndGlobalSection
	GlobalSection(ExtensibilityGlobals) = postSolution
		SolutionGuid = {246901DF-898D-4437-9D90-264ECDFD9A13}
	EndGlobalSection
EndGlobal
